
Microsoft Visual Studio Solution File, Format Version 12.00
# Visual Studio Version 17
VisualStudioVersion = 17.12.35209.166
MinimumVisualStudioVersion = 10.0.40219.1
Project("{FAE04EC0-301F-11D3-BF4B-00C04F79EFBC}") = "C# Helloworld", "C# Helloworld\C# Helloworld.csproj", "{6C195FAD-5B89-4ED4-B9F3-BA38862E96BC}"
EndProject
Global
	GlobalSection(SolutionConfigurationPlatforms) = preSolution
		Debug|Any CPU = Debug|Any CPU
		Release|Any CPU = Release|Any CPU
	EndGlobalSection
	GlobalSection(ProjectConfigurationPlatforms) = postSolution
		{6C195FAD-5B89-4ED4-B9F3-BA38862E96BC}.Debug|Any CPU.ActiveCfg = Debug|Any CPU
		{6C195FAD-5B89-4ED4-B9F3-BA38862E96BC}.Debug|Any CPU.Build.0 = Debug|Any CPU
		{6C195FAD-5B89-4ED4-B9F3-BA38862E96BC}.Release|Any CPU.ActiveCfg = Release|Any CPU
		{6C195FAD-5B89-4ED4-B9F3-BA38862E96BC}.Release|Any CPU.Build.0 = Release|Any CPU
	EndGlobalSection
	GlobalSection(SolutionProperties) = preSolution
		HideSolutionNode = FALSE
	EndGlobalSection
	GlobalSection(ExtensibilityGlobals) = postSolution
		SolutionGuid = {7532123E-99C1-443A-84BD-C7BA77FA6839}
	EndGlobalSection
EndGlobal
